Microsoft Visual Studio Solution File, Format Version 12.00
# Visual Studio 15
VisualStudioVersion = 15.0.28307.106
MinimumVisualStudioVersion = 10.0.40219.1
Project("{9A19103F-16F7-4668-BE54-9A1E7A4F7556}") = "MultiSelectionDemoDevelop1", "MultiSelectionDemoDevelop1.csproj", "{377893B0-7F43-235F-AE3D-AD894EDE0480}"
EndProject
Global
    GlobalSection(SolutionConfigurationPlatforms) = preSolution
        Debug|Any CPU = Debug|Any CPU
        Release|Any CPU = Release|Any CPU
    EndGlobalSection
    GlobalSection(ProjectConfigurationPlatforms) = postSolution
        {377893B0-7F43-235F-AE3D-AD894EDE0480}.Debug|Any CPU.ActiveCfg = Debug|Any CPU
        {377893B0-7F43-235F-AE3D-AD894EDE0480}.Debug|Any CPU.Build.0 = Debug|Any CPU
        {377893B0-7F43-235F-AE3D-AD894EDE0480}.Release|Any CPU.ActiveCfg = Release|Any CPU
        {377893B0-7F43-235F-AE3D-AD894EDE0480}.Release|Any CPU.Build.0 = Release|Any CPU
    EndGlobalSection
    GlobalSection(SolutionProperties) = preSolution
        HideSolutionNode = FALSE
    EndGlobalSection
EndGlobal
